
Microsoft Visual Studio Solution File, Format Version 12.00
# Visual Studio Version 17
VisualStudioVersion = 17.14.36623.8
MinimumVisualStudioVersion = 10.0.40219.1
Project("{FAE04EC0-301F-11D3-BF4B-00C04F79EFBC}") = "SaveTracker", "SaveTracker\SaveTracker.csproj", "{C86EBBC7-D954-4150-8936-3E98AA119149}"
EndProject
Project("{FAE04EC0-301F-11D3-BF4B-00C04F79EFBC}") = "SaveTracker.Core", "SaveTracker.Core\SaveTracker.Core.csproj", "{636DDC4F-AD25-4145-B590-8D289345D61A}"
EndProject
Project("{FAE04EC0-301F-11D3-BF4B-00C04F79EFBC}") = "SaveTracker.Headless", "SaveTracker.Headless\SaveTracker.Headless.csproj", "{AA0EFB40-5E96-45D2-BB1E-0D08EDC6EC00}"
EndProject
Global
	GlobalSection(SolutionConfigurationPlatforms) = preSolution
		Debug|Any CPU = Debug|Any CPU
		Debug|x64 = Debug|x64
		Debug|x86 = Debug|x86
		Release|Any CPU = Release|Any CPU
		Release|x64 = Release|x64
		Release|x86 = Release|x86
	EndGlobalSection
	GlobalSection(ProjectConfigurationPlatforms) = postSolution
		{C86EBBC7-D954-4150-8936-3E98AA119149}.Debug|Any CPU.ActiveCfg = Debug|Any CPU
		{C86EBBC7-D954-4150-8936-3E98AA119149}.Debug|Any CPU.Build.0 = Debug|Any CPU
		{C86EBBC7-D954-4150-8936-3E98AA119149}.Debug|x64.ActiveCfg = Debug|Any CPU
		{C86EBBC7-D954-4150-8936-3E98AA119149}.Debug|x64.Build.0 = Debug|Any CPU
		{C86EBBC7-D954-4150-8936-3E98AA119149}.Debug|x86.ActiveCfg = Debug|Any CPU
		{C86EBBC7-D954-4150-8936-3E98AA119149}.Debug|x86.Build.0 = Debug|Any CPU
		{C86EBBC7-D954-4150-8936-3E98AA119149}.Release|Any CPU.ActiveCfg = Release|Any CPU
		{C86EBBC7-D954-4150-8936-3E98AA119149}.Release|Any CPU.Build.0 = Release|Any CPU
		{C86EBBC7-D954-4150-8936-3E98AA119149}.Release|x64.ActiveCfg = Release|Any CPU
		{C86EBBC7-D954-4150-8936-3E98AA119149}.Release|x64.Build.0 = Release|Any CPU
		{C86EBBC7-D954-4150-8936-3E98AA119149}.Release|x86.ActiveCfg = Release|Any CPU
		{C86EBBC7-D954-4150-8936-3E98AA119149}.Release|x86.Build.0 = Release|Any CPU
		{636DDC4F-AD25-4145-B590-8D289345D61A}.Debug|Any CPU.ActiveCfg = Debug|Any CPU
		{636DDC4F-AD25-4145-B590-8D289345D61A}.Debug|Any CPU.Build.0 = Debug|Any CPU
		{636DDC4F-AD25-4145-B590-8D289345D61A}.Debug|x64.ActiveCfg = Debug|Any CPU
		{636DDC4F-AD25-4145-B590-8D289345D61A}.Debug|x64.Build.0 = Debug|Any CPU
		{636DDC4F-AD25-4145-B590-8D289345D61A}.Debug|x86.ActiveCfg = Debug|Any CPU
		{636DDC4F-AD25-4145-B590-8D289345D61A}.Debug|x86.Build.0 = Debug|Any CPU
		{636DDC4F-AD25-4145-B590-8D289345D61A}.Release|Any CPU.ActiveCfg = Release|Any CPU
		{636DDC4F-AD25-4145-B590-8D289345D61A}.Release|Any CPU.Build.0 = Release|Any CPU
		{636DDC4F-AD25-4145-B590-8D289345D61A}.Release|x64.ActiveCfg = Release|Any CPU
		{636DDC4F-AD25-4145-B590-8D289345D61A}.Release|x64.Build.0 = Release|Any CPU
		{636DDC4F-AD25-4145-B590-8D289345D61A}.Release|x86.ActiveCfg = Release|Any CPU
		{636DDC4F-AD25-4145-B590-8D289345D61A}.Release|x86.Build.0 = Release|Any CPU
		{AA0EFB40-5E96-45D2-BB1E-0D08EDC6EC00}.Debug|Any CPU.ActiveCfg = Debug|Any CPU
		{AA0EFB40-5E96-45D2-BB1E-0D08EDC6EC00}.Debug|Any CPU.Build.0 = Debug|Any CPU
		{AA0EFB40-5E96-45D2-BB1E-0D08EDC6EC00}.Debug|x64.ActiveCfg = Debug|Any CPU
		{AA0EFB40-5E96-45D2-BB1E-0D08EDC6EC00}.Debug|x64.Build.0 = Debug|Any CPU
		{AA0EFB40-5E96-45D2-BB1E-0D08EDC6EC00}.Debug|x86.ActiveCfg = Debug|Any CPU
		{AA0EFB40-5E96-45D2-BB1E-0D08EDC6EC00}.Debug|x86.Build.0 = Debug|Any CPU
		{AA0EFB40-5E96-45D2-BB1E-0D08EDC6EC00}.Release|Any CPU.ActiveCfg = Release|Any CPU
		{AA0EFB40-5E96-45D2-BB1E-0D08EDC6EC00}.Release|Any CPU.Build.0 = Release|Any CPU
		{AA0EFB40-5E96-45D2-BB1E-0D08EDC6EC00}.Release|x64.ActiveCfg = Release|Any CPU
		{AA0EFB40-5E96-45D2-BB1E-0D08EDC6EC00}.Release|x64.Build.0 = Release|Any CPU
		{AA0EFB40-5E96-45D2-BB1E-0D08EDC6EC00}.Release|x86.ActiveCfg = Release|Any CPU
		{AA0EFB40-5E96-45D2-BB1E-0D08EDC6EC00}.Release|x86.Build.0 = Release|Any CPU
	EndGlobalSection
	GlobalSection(SolutionProperties) = preSolution
		HideSolutionNode = FALSE
	EndGlobalSection
	GlobalSection(ExtensibilityGlobals) = postSolution
		SolutionGuid = {216C3D02-A59D-42CC-A9FF-453C28456D56}
	EndGlobalSection
EndGlobal
